
Microsoft Visual Studio Solution File, Format Version 12.00
# Visual Studio 2013
VisualStudioVersion = 12.0.40629.0
MinimumVisualStudioVersion = 10.0.40219.1
Project("{2150E333-8FDC-42A3-9474-1A3956D46DE8}") = ".nuget", ".nuget", "{2E3F674D-2C04-4051-8AC9-589975C7E80D}"
	ProjectSection(SolutionItems) = preProject
		.nuget\NuGet.Config = .nuget\NuGet.Config
		.nuget\NuGet.exe = .nuget\NuGet.exe
		.nuget\NuGet.targets = .nuget\NuGet.targets
	EndProjectSection
EndProject
Project("{FAE04EC0-301F-11D3-BF4B-00C04F79EFBC}") = "WorkflowEngine", "WorkflowEngine\WorkflowEngine.csproj", "{04A94B15-A2B4-4E20-9FB6-76D27F0031E0}"
EndProject
Project("{FAE04EC0-301F-11D3-BF4B-00C04F79EFBC}") = "WorkflowEngine.UI", "WorkflowEngine.UI\WorkflowEngine.UI.csproj", "{899D3231-3E82-4964-A884-3FDD737380E2}"
EndProject
Project("{FAE04EC0-301F-11D3-BF4B-00C04F79EFBC}") = "WorkflowEngine.Model", "WorkflowEngine.Model\WorkflowEngine.Model.csproj", "{CDC5BBF5-6132-446D-A30D-71EB7DB62A36}"
EndProject
Project("{FAE04EC0-301F-11D3-BF4B-00C04F79EFBC}") = "WorkflowEngine.Designer", "WorkflowEngine.Designer\WorkflowEngine.Designer.csproj", "{F276D444-3778-45F2-9877-7A2C694F59FC}"
EndProject
Project("{FAE04EC0-301F-11D3-BF4B-00C04F79EFBC}") = "WorkflowEngine.Designer.Tests", "WorkflowEngine.Designer.Tests\WorkflowEngine.Designer.Tests.csproj", "{FE6148A4-9370-470D-AC78-790989B6F8EC}"
EndProject
Project("{FAE04EC0-301F-11D3-BF4B-00C04F79EFBC}") = "WorkflowEngine.Tests", "WorkflowEngine.Tests\WorkflowEngine.Tests.csproj", "{22E615DA-1225-48E5-9ED0-B1D43972EE4C}"
EndProject
Global
	GlobalSection(SolutionConfigurationPlatforms) = preSolution
		Debug|Any CPU = Debug|Any CPU
		Release|Any CPU = Release|Any CPU
	EndGlobalSection
	GlobalSection(ProjectConfigurationPlatforms) = postSolution
		{04A94B15-A2B4-4E20-9FB6-76D27F0031E0}.Debug|Any CPU.ActiveCfg = Debug|Any CPU
		{04A94B15-A2B4-4E20-9FB6-76D27F0031E0}.Debug|Any CPU.Build.0 = Debug|Any CPU
		{04A94B15-A2B4-4E20-9FB6-76D27F0031E0}.Release|Any CPU.ActiveCfg = Release|Any CPU
		{04A94B15-A2B4-4E20-9FB6-76D27F0031E0}.Release|Any CPU.Build.0 = Release|Any CPU
		{899D3231-3E82-4964-A884-3FDD737380E2}.Debug|Any CPU.ActiveCfg = Debug|Any CPU
		{899D3231-3E82-4964-A884-3FDD737380E2}.Debug|Any CPU.Build.0 = Debug|Any CPU
		{899D3231-3E82-4964-A884-3FDD737380E2}.Release|Any CPU.ActiveCfg = Release|Any CPU
		{899D3231-3E82-4964-A884-3FDD737380E2}.Release|Any CPU.Build.0 = Release|Any CPU
		{CDC5BBF5-6132-446D-A30D-71EB7DB62A36}.Debug|Any CPU.ActiveCfg = Debug|Any CPU
		{CDC5BBF5-6132-446D-A30D-71EB7DB62A36}.Debug|Any CPU.Build.0 = Debug|Any CPU
		{CDC5BBF5-6132-446D-A30D-71EB7DB62A36}.Release|Any CPU.ActiveCfg = Release|Any CPU
		{CDC5BBF5-6132-446D-A30D-71EB7DB62A36}.Release|Any CPU.Build.0 = Release|Any CPU
		{F276D444-3778-45F2-9877-7A2C694F59FC}.Debug|Any CPU.ActiveCfg = Debug|Any CPU
		{F276D444-3778-45F2-9877-7A2C694F59FC}.Debug|Any CPU.Build.0 = Debug|Any CPU
		{F276D444-3778-45F2-9877-7A2C694F59FC}.Release|Any CPU.ActiveCfg = Release|Any CPU
		{F276D444-3778-45F2-9877-7A2C694F59FC}.Release|Any CPU.Build.0 = Release|Any CPU
		{FE6148A4-9370-470D-AC78-790989B6F8EC}.Debug|Any CPU.ActiveCfg = Debug|Any CPU
		{FE6148A4-9370-470D-AC78-790989B6F8EC}.Debug|Any CPU.Build.0 = Debug|Any CPU
		{FE6148A4-9370-470D-AC78-790989B6F8EC}.Release|Any CPU.ActiveCfg = Release|Any CPU
		{FE6148A4-9370-470D-AC78-790989B6F8EC}.Release|Any CPU.Build.0 = Release|Any CPU
		{22E615DA-1225-48E5-9ED0-B1D43972EE4C}.Debug|Any CPU.ActiveCfg = Debug|Any CPU
		{22E615DA-1225-48E5-9ED0-B1D43972EE4C}.Debug|Any CPU.Build.0 = Debug|Any CPU
		{22E615DA-1225-48E5-9ED0-B1D43972EE4C}.Release|Any CPU.ActiveCfg = Release|Any CPU
		{22E615DA-1225-48E5-9ED0-B1D43972EE4C}.Release|Any CPU.Build.0 = Release|Any CPU
	EndGlobalSection
	GlobalSection(SolutionProperties) = preSolution
		HideSolutionNode = FALSE
	EndGlobalSection
EndGlobal
